
Microsoft Visual Studio Solution File, Format Version 12.00
# Visual Studio Version 16
VisualStudioVersion = 16.0.29424.173
MinimumVisualStudioVersion = 10.0.40219.1
Project("{FAE04EC0-301F-11D3-BF4B-00C04F79EFBC}") = "Project.WEB", "Project.WEB\Project.WEB.csproj", "{FDE791FF-2ACA-4DEB-8816-7376DE87F682}"
EndProject
Project("{FAE04EC0-301F-11D3-BF4B-00C04F79EFBC}") = "Project.DAL", "Project.DAL\Project.DAL.csproj", "{9BBEEBB8-C7DF-49E9-B733-1DB63A943DCF}"
EndProject
Project("{FAE04EC0-301F-11D3-BF4B-00C04F79EFBC}") = "Project.BLL", "Project.BLL\Project.BLL.csproj", "{6F8262B4-BE82-459C-8551-8E4AB5964C5A}"
EndProject
Global
	GlobalSection(SolutionConfigurationPlatforms) = preSolution
		Debug|Any CPU = Debug|Any CPU
		Release|Any CPU = Release|Any CPU
	EndGlobalSection
	GlobalSection(ProjectConfigurationPlatforms) = postSolution
		{FDE791FF-2ACA-4DEB-8816-7376DE87F682}.Debug|Any CPU.ActiveCfg = Debug|Any CPU
		{FDE791FF-2ACA-4DEB-8816-7376DE87F682}.Debug|Any CPU.Build.0 = Debug|Any CPU
		{FDE791FF-2ACA-4DEB-8816-7376DE87F682}.Release|Any CPU.ActiveCfg = Release|Any CPU
		{FDE791FF-2ACA-4DEB-8816-7376DE87F682}.Release|Any CPU.Build.0 = Release|Any CPU
		{9BBEEBB8-C7DF-49E9-B733-1DB63A943DCF}.Debug|Any CPU.ActiveCfg = Debug|Any CPU
		{9BBEEBB8-C7DF-49E9-B733-1DB63A943DCF}.Debug|Any CPU.Build.0 = Debug|Any CPU
		{9BBEEBB8-C7DF-49E9-B733-1DB63A943DCF}.Release|Any CPU.ActiveCfg = Release|Any CPU
		{9BBEEBB8-C7DF-49E9-B733-1DB63A943DCF}.Release|Any CPU.Build.0 = Release|Any CPU
		{6F8262B4-BE82-459C-8551-8E4AB5964C5A}.Debug|Any CPU.ActiveCfg = Debug|Any CPU
		{6F8262B4-BE82-459C-8551-8E4AB5964C5A}.Debug|Any CPU.Build.0 = Debug|Any CPU
		{6F8262B4-BE82-459C-8551-8E4AB5964C5A}.Release|Any CPU.ActiveCfg = Release|Any CPU
		{6F8262B4-BE82-459C-8551-8E4AB5964C5A}.Release|Any CPU.Build.0 = Release|Any CPU
	EndGlobalSection
	GlobalSection(SolutionProperties) = preSolution
		HideSolutionNode = FALSE
	EndGlobalSection
	GlobalSection(ExtensibilityGlobals) = postSolution
		SolutionGuid = {34D268DC-3D9A-45FD-B917-709112C74EBA}
	EndGlobalSection
EndGlobal
